
Microsoft Visual Studio Solution File, Format Version 12.00
# Visual Studio Version 17
VisualStudioVersion = 17.0.32014.148
MinimumVisualStudioVersion = 10.0.40219.1
Project("{9A19103F-16F7-4668-BE54-9A1E7A4F7556}") = "Charlotte", "Charlotte\Charlotte.csproj", "{DF749548-7DCF-41CB-BCCE-F226DABA2898}"
EndProject
Project("{2150E333-8FDC-42A3-9474-1A3956D46DE8}") = "Solution Items", "Solution Items", "{799933DE-08CC-4413-B17E-74896052CCED}"
	ProjectSection(SolutionItems) = preProject
		.editorconfig = .editorconfig
	EndProjectSection
EndProject
Project("{FAE04EC0-301F-11D3-BF4B-00C04F79EFBC}") = "Charlotte.Database", "Charlotte.Database\Charlotte.Database.csproj", "{1ADF1E8E-63FD-4DBC-A9C6-3DB048E05F84}"
EndProject
Project("{FAE04EC0-301F-11D3-BF4B-00C04F79EFBC}") = "Charlotte.Services", "Charlotte.Services\Charlotte.Services.csproj", "{3A404290-5C77-4642-8840-F2E59BF84AC2}"
EndProject
Global
	GlobalSection(SolutionConfigurationPlatforms) = preSolution
		Debug|Any CPU = Debug|Any CPU
		Release|Any CPU = Release|Any CPU
	EndGlobalSection
	GlobalSection(ProjectConfigurationPlatforms) = postSolution
		{DF749548-7DCF-41CB-BCCE-F226DABA2898}.Debug|Any CPU.ActiveCfg = Debug|Any CPU
		{DF749548-7DCF-41CB-BCCE-F226DABA2898}.Debug|Any CPU.Build.0 = Debug|Any CPU
		{DF749548-7DCF-41CB-BCCE-F226DABA2898}.Release|Any CPU.ActiveCfg = Release|Any CPU
		{DF749548-7DCF-41CB-BCCE-F226DABA2898}.Release|Any CPU.Build.0 = Release|Any CPU
		{1ADF1E8E-63FD-4DBC-A9C6-3DB048E05F84}.Debug|Any CPU.ActiveCfg = Debug|Any CPU
		{1ADF1E8E-63FD-4DBC-A9C6-3DB048E05F84}.Debug|Any CPU.Build.0 = Debug|Any CPU
		{1ADF1E8E-63FD-4DBC-A9C6-3DB048E05F84}.Release|Any CPU.ActiveCfg = Release|Any CPU
		{1ADF1E8E-63FD-4DBC-A9C6-3DB048E05F84}.Release|Any CPU.Build.0 = Release|Any CPU
		{3A404290-5C77-4642-8840-F2E59BF84AC2}.Debug|Any CPU.ActiveCfg = Debug|Any CPU
		{3A404290-5C77-4642-8840-F2E59BF84AC2}.Debug|Any CPU.Build.0 = Debug|Any CPU
		{3A404290-5C77-4642-8840-F2E59BF84AC2}.Release|Any CPU.ActiveCfg = Release|Any CPU
		{3A404290-5C77-4642-8840-F2E59BF84AC2}.Release|Any CPU.Build.0 = Release|Any CPU
	EndGlobalSection
	GlobalSection(SolutionProperties) = preSolution
		HideSolutionNode = FALSE
	EndGlobalSection
	GlobalSection(ExtensibilityGlobals) = postSolution
		SolutionGuid = {8C2AC26F-76D2-4E02-8781-55FC6718FF7C}
	EndGlobalSection
EndGlobal
